
Microsoft Visual Studio Solution File, Format Version 12.00
# Visual Studio 14
VisualStudioVersion = 14.0.23107.0
MinimumVisualStudioVersion = 10.0.40219.1
Project("{FAE04EC0-301F-11D3-BF4B-00C04F79EFBC}") = "StartOz", "StartOz\StartOz.csproj", "{099AAE8B-00A2-4E3B-BCB9-88911D2A1114}"
EndProject
Project("{FAE04EC0-301F-11D3-BF4B-00C04F79EFBC}") = "StartOzTests", "StartOzTests\StartOzTests.csproj", "{91FA19D8-C057-4AF2-A351-99A6C1B04B21}"
EndProject
Global
	GlobalSection(SolutionConfigurationPlatforms) = preSolution
		Debug|Any CPU = Debug|Any CPU
		Release|Any CPU = Release|Any CPU
	EndGlobalSection
	GlobalSection(ProjectConfigurationPlatforms) = postSolution
		{099AAE8B-00A2-4E3B-BCB9-88911D2A1114}.Debug|Any CPU.ActiveCfg = Debug|Any CPU
		{099AAE8B-00A2-4E3B-BCB9-88911D2A1114}.Debug|Any CPU.Build.0 = Debug|Any CPU
		{099AAE8B-00A2-4E3B-BCB9-88911D2A1114}.Release|Any CPU.ActiveCfg = Release|Any CPU
		{099AAE8B-00A2-4E3B-BCB9-88911D2A1114}.Release|Any CPU.Build.0 = Release|Any CPU
		{91FA19D8-C057-4AF2-A351-99A6C1B04B21}.Debug|Any CPU.ActiveCfg = Debug|Any CPU
		{91FA19D8-C057-4AF2-A351-99A6C1B04B21}.Debug|Any CPU.Build.0 = Debug|Any CPU
		{91FA19D8-C057-4AF2-A351-99A6C1B04B21}.Release|Any CPU.ActiveCfg = Release|Any CPU
		{91FA19D8-C057-4AF2-A351-99A6C1B04B21}.Release|Any CPU.Build.0 = Release|Any CPU
	EndGlobalSection
	GlobalSection(SolutionProperties) = preSolution
		HideSolutionNode = FALSE
	EndGlobalSection
EndGlobal
