
Microsoft Visual Studio Solution File, Format Version 12.00
# Visual Studio 14
VisualStudioVersion = 14.0.23107.0
MinimumVisualStudioVersion = 10.0.40219.1
Project("{FAE04EC0-301F-11D3-BF4B-00C04F79EFBC}") = "NotString", "NotString\NotString.csproj", "{A7F791F7-A281-490C-8349-6B15E0E71058}"
EndProject
Project("{FAE04EC0-301F-11D3-BF4B-00C04F79EFBC}") = "NotStringTests", "NotStringTests\NotStringTests.csproj", "{D3341C6D-9844-4D26-AF2D-F71CE780F253}"
EndProject
Global
	GlobalSection(SolutionConfigurationPlatforms) = preSolution
		Debug|Any CPU = Debug|Any CPU
		Release|Any CPU = Release|Any CPU
	EndGlobalSection
	GlobalSection(ProjectConfigurationPlatforms) = postSolution
		{A7F791F7-A281-490C-8349-6B15E0E71058}.Debug|Any CPU.ActiveCfg = Debug|Any CPU
		{A7F791F7-A281-490C-8349-6B15E0E71058}.Debug|Any CPU.Build.0 = Debug|Any CPU
		{A7F791F7-A281-490C-8349-6B15E0E71058}.Release|Any CPU.ActiveCfg = Release|Any CPU
		{A7F791F7-A281-490C-8349-6B15E0E71058}.Release|Any CPU.Build.0 = Release|Any CPU
		{D3341C6D-9844-4D26-AF2D-F71CE780F253}.Debug|Any CPU.ActiveCfg = Debug|Any CPU
		{D3341C6D-9844-4D26-AF2D-F71CE780F253}.Debug|Any CPU.Build.0 = Debug|Any CPU
		{D3341C6D-9844-4D26-AF2D-F71CE780F253}.Release|Any CPU.ActiveCfg = Release|Any CPU
		{D3341C6D-9844-4D26-AF2D-F71CE780F253}.Release|Any CPU.Build.0 = Release|Any CPU
	EndGlobalSection
	GlobalSection(SolutionProperties) = preSolution
		HideSolutionNode = FALSE
	EndGlobalSection
EndGlobal
