
Microsoft Visual Studio Solution File, Format Version 12.00
# Visual Studio 14
VisualStudioVersion = 14.0.23107.0
MinimumVisualStudioVersion = 10.0.40219.1
Project("{FAE04EC0-301F-11D3-BF4B-00C04F79EFBC}") = "Max", "Max\Max.csproj", "{D3E4DEB6-55E0-4803-BEAD-48FAC569CA84}"
EndProject
Project("{FAE04EC0-301F-11D3-BF4B-00C04F79EFBC}") = "MaxTests", "MaxTests\MaxTests.csproj", "{C08E4574-1746-4DD4-8600-2FEFB3051EA6}"
EndProject
Global
	GlobalSection(SolutionConfigurationPlatforms) = preSolution
		Debug|Any CPU = Debug|Any CPU
		Release|Any CPU = Release|Any CPU
	EndGlobalSection
	GlobalSection(ProjectConfigurationPlatforms) = postSolution
		{D3E4DEB6-55E0-4803-BEAD-48FAC569CA84}.Debug|Any CPU.ActiveCfg = Debug|Any CPU
		{D3E4DEB6-55E0-4803-BEAD-48FAC569CA84}.Debug|Any CPU.Build.0 = Debug|Any CPU
		{D3E4DEB6-55E0-4803-BEAD-48FAC569CA84}.Release|Any CPU.ActiveCfg = Release|Any CPU
		{D3E4DEB6-55E0-4803-BEAD-48FAC569CA84}.Release|Any CPU.Build.0 = Release|Any CPU
		{C08E4574-1746-4DD4-8600-2FEFB3051EA6}.Debug|Any CPU.ActiveCfg = Debug|Any CPU
		{C08E4574-1746-4DD4-8600-2FEFB3051EA6}.Debug|Any CPU.Build.0 = Debug|Any CPU
		{C08E4574-1746-4DD4-8600-2FEFB3051EA6}.Release|Any CPU.ActiveCfg = Release|Any CPU
		{C08E4574-1746-4DD4-8600-2FEFB3051EA6}.Release|Any CPU.Build.0 = Release|Any CPU
	EndGlobalSection
	GlobalSection(SolutionProperties) = preSolution
		HideSolutionNode = FALSE
	EndGlobalSection
EndGlobal
