
Microsoft Visual Studio Solution File, Format Version 12.00
# Visual Studio 14
VisualStudioVersion = 14.0.23107.0
MinimumVisualStudioVersion = 10.0.40219.1
Project("{FAE04EC0-301F-11D3-BF4B-00C04F79EFBC}") = "Diff21", "Diff21\Diff21.csproj", "{09BEB145-49BD-47F9-8D6A-40E73938E855}"
EndProject
Project("{FAE04EC0-301F-11D3-BF4B-00C04F79EFBC}") = "Diff21Tests", "Diff21Tests\Diff21Tests.csproj", "{54CF67FD-6600-4406-8063-2CA8ABA61B41}"
EndProject
Global
	GlobalSection(SolutionConfigurationPlatforms) = preSolution
		Debug|Any CPU = Debug|Any CPU
		Release|Any CPU = Release|Any CPU
	EndGlobalSection
	GlobalSection(ProjectConfigurationPlatforms) = postSolution
		{09BEB145-49BD-47F9-8D6A-40E73938E855}.Debug|Any CPU.ActiveCfg = Debug|Any CPU
		{09BEB145-49BD-47F9-8D6A-40E73938E855}.Debug|Any CPU.Build.0 = Debug|Any CPU
		{09BEB145-49BD-47F9-8D6A-40E73938E855}.Release|Any CPU.ActiveCfg = Release|Any CPU
		{09BEB145-49BD-47F9-8D6A-40E73938E855}.Release|Any CPU.Build.0 = Release|Any CPU
		{54CF67FD-6600-4406-8063-2CA8ABA61B41}.Debug|Any CPU.ActiveCfg = Debug|Any CPU
		{54CF67FD-6600-4406-8063-2CA8ABA61B41}.Debug|Any CPU.Build.0 = Debug|Any CPU
		{54CF67FD-6600-4406-8063-2CA8ABA61B41}.Release|Any CPU.ActiveCfg = Release|Any CPU
		{54CF67FD-6600-4406-8063-2CA8ABA61B41}.Release|Any CPU.Build.0 = Release|Any CPU
	EndGlobalSection
	GlobalSection(SolutionProperties) = preSolution
		HideSolutionNode = FALSE
	EndGlobalSection
EndGlobal
