
Microsoft Visual Studio Solution File, Format Version 12.00
# Visual Studio 14
VisualStudioVersion = 14.0.23107.0
MinimumVisualStudioVersion = 10.0.40219.1
Project("{FAE04EC0-301F-11D3-BF4B-00C04F79EFBC}") = "Front3", "Front3\Front3.csproj", "{3A1D0DBA-96E3-4DA6-9A85-D76CFB2AF6B8}"
EndProject
Project("{FAE04EC0-301F-11D3-BF4B-00C04F79EFBC}") = "Front3Tests", "Front3Tests\Front3Tests.csproj", "{120CFAE4-FD03-4247-B41F-316312CEAF95}"
EndProject
Global
	GlobalSection(SolutionConfigurationPlatforms) = preSolution
		Debug|Any CPU = Debug|Any CPU
		Release|Any CPU = Release|Any CPU
	EndGlobalSection
	GlobalSection(ProjectConfigurationPlatforms) = postSolution
		{3A1D0DBA-96E3-4DA6-9A85-D76CFB2AF6B8}.Debug|Any CPU.ActiveCfg = Debug|Any CPU
		{3A1D0DBA-96E3-4DA6-9A85-D76CFB2AF6B8}.Debug|Any CPU.Build.0 = Debug|Any CPU
		{3A1D0DBA-96E3-4DA6-9A85-D76CFB2AF6B8}.Release|Any CPU.ActiveCfg = Release|Any CPU
		{3A1D0DBA-96E3-4DA6-9A85-D76CFB2AF6B8}.Release|Any CPU.Build.0 = Release|Any CPU
		{120CFAE4-FD03-4247-B41F-316312CEAF95}.Debug|Any CPU.ActiveCfg = Debug|Any CPU
		{120CFAE4-FD03-4247-B41F-316312CEAF95}.Debug|Any CPU.Build.0 = Debug|Any CPU
		{120CFAE4-FD03-4247-B41F-316312CEAF95}.Release|Any CPU.ActiveCfg = Release|Any CPU
		{120CFAE4-FD03-4247-B41F-316312CEAF95}.Release|Any CPU.Build.0 = Release|Any CPU
	EndGlobalSection
	GlobalSection(SolutionProperties) = preSolution
		HideSolutionNode = FALSE
	EndGlobalSection
EndGlobal
